
Microsoft Visual Studio Solution File, Format Version 12.00
# Visual Studio Version 17
VisualStudioVersion = 17.1.32421.90
MinimumVisualStudioVersion = 10.0.40219.1
Project("{FAE04EC0-301F-11D3-BF4B-00C04F79EFBC}") = "prueba", "prueba\prueba.csproj", "{7083CF12-128C-456A-83C9-88BE94A072EF}"
EndProject
Global
	GlobalSection(SolutionConfigurationPlatforms) = preSolution
		Debug|Any CPU = Debug|Any CPU
		Release|Any CPU = Release|Any CPU
	EndGlobalSection
	GlobalSection(ProjectConfigurationPlatforms) = postSolution
		{7083CF12-128C-456A-83C9-88BE94A072EF}.Debug|Any CPU.ActiveCfg = Debug|Any CPU
		{7083CF12-128C-456A-83C9-88BE94A072EF}.Debug|Any CPU.Build.0 = Debug|Any CPU
		{7083CF12-128C-456A-83C9-88BE94A072EF}.Release|Any CPU.ActiveCfg = Release|Any CPU
		{7083CF12-128C-456A-83C9-88BE94A072EF}.Release|Any CPU.Build.0 = Release|Any CPU
	EndGlobalSection
	GlobalSection(SolutionProperties) = preSolution
		HideSolutionNode = FALSE
	EndGlobalSection
	GlobalSection(ExtensibilityGlobals) = postSolution
		SolutionGuid = {0AA25C46-17FE-422C-BC3D-F841F7F66560}
	EndGlobalSection
EndGlobal
